{
  "pins" : [
    {
      "identity" : "giphy-ios-sdk",
      "kind" : "remoteSourceControl",
      "location" : "https://github.com/Giphy/giphy-ios-sdk",
      "state" : {
        "revision" : "9c58a350a3381f1641f5a31cdcd162a406274892",
        "version" : "2.2.8"
      }
    },
    {
      "identity" : "libtesseract",
      "kind" : "remoteSourceControl",
      "location" : "https://github.com/SwiftyTesseract/libtesseract.git",
      "state" : {
        "revision" : "214a36e04d740795d7ba2f07c6108944d0136f8a",
        "version" : "0.2.0"
      }
    },
    {
      "identity" : "libwebp-xcode",
      "kind" : "remoteSourceControl",
      "location" : "https://github.com/SDWebImage/libwebp-Xcode",
      "state" : {
        "revision" : "b2b1d20a90b14d11f6ef4241da6b81c1d3f171e4",
        "version" : "1.3.2"
      }
    },
    {
      "identity" : "webrtc",
      "kind" : "remoteSourceControl",
      "location" : "https://github.com/jitsi/webrtc",
      "state" : {
        "revision" : "6f4a40c81c84a0754ec66622d5fed68dce5bd4ec",
        "version" : "106.0.1"
      }
    }
  ],
  "version" : 2
}
