{
  "pins" : [
    {
      "identity" : "digitalonboarding",
      "kind" : "remoteSourceControl",
      "location" : "https://github.com/SoftTechGarage/DigitalOnboarding.git",
      "state" : {
        "revision" : "3997c076760a8ca870c25098bf30199c8de7dbaa",
        "version" : "0.0.33"
      }
    },
    {
      "identity" : "giphy-ios-sdk",
      "kind" : "remoteSourceControl",
      "location" : "https://github.com/Giphy/giphy-ios-sdk",
      "state" : {
        "revision" : "95c32b862185e76107841b49bfff8ff7230f3b68",
        "version" : "2.2.7"
      }
    },
    {
      "identity" : "libwebp-xcode",
      "kind" : "remoteSourceControl",
      "location" : "https://github.com/SDWebImage/libwebp-Xcode",
      "state" : {
        "revision" : "b2b1d20a90b14d11f6ef4241da6b81c1d3f171e4",
        "version" : "1.3.2"
      }
    },
    {
      "identity" : "webrtc",
      "kind" : "remoteSourceControl",
      "location" : "https://github.com/jitsi/webrtc",
      "state" : {
        "revision" : "6f4a40c81c84a0754ec66622d5fed68dce5bd4ec",
        "version" : "106.0.1"
      }
    }
  ],
  "version" : 2
}
